
Microsoft Visual Studio Solution File, Format Version 12.00
# Visual Studio 15
VisualStudioVersion = 15.0.27428.2027
MinimumVisualStudioVersion = 10.0.40219.1
Project("{8BC9CEB8-8B4A-11D0-8D11-00A0C91BC942}") = "Action2D", "Action2D.vcxproj", "{EB4BB9D5-22C0-4E61-B5B1-37BFDC1128CF}"
EndProject
Global
	GlobalSection(SolutionConfigurationPlatforms) = preSolution
		Debug|x64 = Debug|x64
		Debug|x86 = Debug|x86
		Release|x64 = Release|x64
		Release|x86 = Release|x86
	EndGlobalSection
	GlobalSection(ProjectConfigurationPlatforms) = postSolution
		{EB4BB9D5-22C0-4E61-B5B1-37BFDC1128CF}.Debug|x64.ActiveCfg = Debug|x64
		{EB4BB9D5-22C0-4E61-B5B1-37BFDC1128CF}.Debug|x64.Build.0 = Debug|x64
		{EB4BB9D5-22C0-4E61-B5B1-37BFDC1128CF}.Debug|x86.ActiveCfg = Debug|Win32
		{EB4BB9D5-22C0-4E61-B5B1-37BFDC1128CF}.Debug|x86.Build.0 = Debug|Win32
		{EB4BB9D5-22C0-4E61-B5B1-37BFDC1128CF}.Release|x64.ActiveCfg = Release|x64
		{EB4BB9D5-22C0-4E61-B5B1-37BFDC1128CF}.Release|x64.Build.0 = Release|x64
		{EB4BB9D5-22C0-4E61-B5B1-37BFDC1128CF}.Release|x86.ActiveCfg = Release|Win32
		{EB4BB9D5-22C0-4E61-B5B1-37BFDC1128CF}.Release|x86.Build.0 = Release|Win32
	EndGlobalSection
	GlobalSection(SolutionProperties) = preSolution
		HideSolutionNode = FALSE
	EndGlobalSection
	GlobalSection(ExtensibilityGlobals) = postSolution
		SolutionGuid = {FFFE57E1-A957-4580-9BDD-51A40C9A7F16}
	EndGlobalSection
EndGlobal
